Microsoft Visual Studio Solution File, Format Version 12.00
# Visual Studio 2012
Project("{FAE04EC0-301F-11D3-BF4B-00C04F79EFBC}") = "RPGTutorial", "RPGTutorial.csproj", "{B9378B3C-A7C5-481B-A6C2-FADB1BF9747E}"
EndProject
Global
	GlobalSection(SolutionConfigurationPlatforms) = preSolution
	Debug|Any CPU = Debug|Any CPU
	ExportDebug|Any CPU = ExportDebug|Any CPU
	ExportRelease|Any CPU = ExportRelease|Any CPU
	EndGlobalSection
	GlobalSection(ProjectConfigurationPlatforms) = postSolution
		{B9378B3C-A7C5-481B-A6C2-FADB1BF9747E}.Debug|Any CPU.ActiveCfg = Debug|Any CPU
		{B9378B3C-A7C5-481B-A6C2-FADB1BF9747E}.Debug|Any CPU.Build.0 = Debug|Any CPU
		{B9378B3C-A7C5-481B-A6C2-FADB1BF9747E}.ExportDebug|Any CPU.ActiveCfg = ExportDebug|Any CPU
		{B9378B3C-A7C5-481B-A6C2-FADB1BF9747E}.ExportDebug|Any CPU.Build.0 = ExportDebug|Any CPU
		{B9378B3C-A7C5-481B-A6C2-FADB1BF9747E}.ExportRelease|Any CPU.ActiveCfg = ExportRelease|Any CPU
		{B9378B3C-A7C5-481B-A6C2-FADB1BF9747E}.ExportRelease|Any CPU.Build.0 = ExportRelease|Any CPU
	EndGlobalSection
EndGlobal
